
Microsoft Visual Studio Solution File, Format Version 12.00
# Visual Studio Version 16
VisualStudioVersion = 16.0.28917.182
MinimumVisualStudioVersion = 10.0.40219.1
Project("{FAE04EC0-301F-11D3-BF4B-00C04F79EFBC}") = "NetBianImg", "NetBianImg.csproj", "{37CB1D3F-7D5E-49FA-AC76-1C02AE19198F}"
EndProject
Global
	GlobalSection(SolutionConfigurationPlatforms) = preSolution
		Debug|Any CPU = Debug|Any CPU
		Release|Any CPU = Release|Any CPU
	EndGlobalSection
	GlobalSection(ProjectConfigurationPlatforms) = postSolution
		{37CB1D3F-7D5E-49FA-AC76-1C02AE19198F}.Debug|Any CPU.ActiveCfg = Debug|Any CPU
		{37CB1D3F-7D5E-49FA-AC76-1C02AE19198F}.Debug|Any CPU.Build.0 = Debug|Any CPU
		{37CB1D3F-7D5E-49FA-AC76-1C02AE19198F}.Release|Any CPU.ActiveCfg = Release|Any CPU
		{37CB1D3F-7D5E-49FA-AC76-1C02AE19198F}.Release|Any CPU.Build.0 = Release|Any CPU
	EndGlobalSection
	GlobalSection(SolutionProperties) = preSolution
		HideSolutionNode = FALSE
	EndGlobalSection
	GlobalSection(ExtensibilityGlobals) = postSolution
		SolutionGuid = {D555B025-5EFD-4A83-8C6B-8A1D8C9CC7A8}
	EndGlobalSection
EndGlobal
